
Microsoft Visual Studio Solution File, Format Version 12.00
# Visual Studio Version 17
VisualStudioVersion = 17.4.33205.214
MinimumVisualStudioVersion = 10.0.40219.1
Project("{FAE04EC0-301F-11D3-BF4B-00C04F79EFBC}") = "ComputerVisionApiPOC", "ComputerVisionApiPOC\ComputerVisionApiPOC.csproj", "{C824EF5A-C513-4EDA-BC87-A13F8DD1F9D8}"
EndProject
Global
	GlobalSection(SolutionConfigurationPlatforms) = preSolution
		Debug|Any CPU = Debug|Any CPU
		Release|Any CPU = Release|Any CPU
	EndGlobalSection
	GlobalSection(ProjectConfigurationPlatforms) = postSolution
		{C824EF5A-C513-4EDA-BC87-A13F8DD1F9D8}.Debug|Any CPU.ActiveCfg = Debug|Any CPU
		{C824EF5A-C513-4EDA-BC87-A13F8DD1F9D8}.Debug|Any CPU.Build.0 = Debug|Any CPU
		{C824EF5A-C513-4EDA-BC87-A13F8DD1F9D8}.Release|Any CPU.ActiveCfg = Release|Any CPU
		{C824EF5A-C513-4EDA-BC87-A13F8DD1F9D8}.Release|Any CPU.Build.0 = Release|Any CPU
	EndGlobalSection
	GlobalSection(SolutionProperties) = preSolution
		HideSolutionNode = FALSE
	EndGlobalSection
	GlobalSection(ExtensibilityGlobals) = postSolution
		SolutionGuid = {5BFE202C-AE9E-454A-A7BD-EDF31FD53D8A}
	EndGlobalSection
EndGlobal
